lockfileVersion: '9.0'

settings:
  autoInstallPeers: true
  excludeLinksFromLockfile: false

importers:

  .:
    dependencies:
      '@sentry/node':
        specifier: ^8.31.0
        version: 8.31.0
      '@sentry/profiling-node':
        specifier: ^8.31.0
        version: 8.31.0
      fastify:
        specifier: ^4.28.1
        version: 4.28.1
    devDependencies:
      '@types/node':
        specifier: ^20.16.5
        version: 20.16.5
      typescript:
        specifier: ^5.6.2
        version: 5.6.2

packages:

  '@fastify/ajv-compiler@3.6.0':
    resolution: {integrity: sha512-LwdXQJjmMD+GwLOkP7TVC68qa+pSSogeWWmznRJ/coyTcfe9qA05AHFSe1eZFwK6q+xVRpChnvFUkf1iYaSZsQ==}

  '@fastify/error@3.4.1':
    resolution: {integrity: sha512-wWSvph+29GR783IhmvdwWnN4bUxTD01Vm5Xad4i7i1VuAOItLvbPAb69sb0IQ2N57yprvhNIwAP5B6xfKTmjmQ==}

  '@fastify/fast-json-stringify-compiler@4.3.0':
    resolution: {integrity: sha512-aZAXGYo6m22Fk1zZzEUKBvut/CIIQe/BapEORnxiD5Qr0kPHqqI69NtEMCme74h+at72sPhbkb4ZrLd1W3KRLA==}

  '@fastify/merge-json-schemas@0.1.1':
    resolution: {integrity: sha512-fERDVz7topgNjtXsJTTW1JKLy0rhuLRcquYqNR9rF7OcVpCa2OVW49ZPDIhaRRCaUuvVxI+N416xUoF76HNSXA==}

  '@opentelemetry/api-logs@0.52.1':
    resolution: {integrity: sha512-qnSqB2DQ9TPP96dl8cDubDvrUyWc0/sK81xHTK8eSUspzDM3bsewX903qclQFvVhgStjRWdC5bLb3kQqMkfV5A==}
    engines: {node: '>=14'}

  '@opentelemetry/api-logs@0.53.0':
    resolution: {integrity: sha512-8HArjKx+RaAI8uEIgcORbZIPklyh1YLjPSBus8hjRmvLi6DeFzgOcdZ7KwPabKj8mXF8dX0hyfAyGfycz0DbFw==}
    engines: {node: '>=14'}

  '@opentelemetry/api@1.9.0':
    resolution: {integrity: sha512-3giAOQvZiH5F9bMlMiv8+GSPMeqg0dbaeo58/0SlA9sxSqZhnUtxzX9/2FzyhS9sWQf5S0GJE0AKBrFqjpeYcg==}
    engines: {node: '>=8.0.0'}

  '@opentelemetry/context-async-hooks@1.26.0':
    resolution: {integrity: sha512-HedpXXYzzbaoutw6DFLWLDket2FwLkLpil4hGCZ1xYEIMTcivdfwEOISgdbLEWyG3HW52gTq2V9mOVJrONgiwg==}
    engines: {node: '>=14'}
    peerDependencies:
      '@opentelemetry/api': '>=1.0.0 <1.10.0'

  '@opentelemetry/core@1.26.0':
    resolution: {integrity: sha512-1iKxXXE8415Cdv0yjG3G6hQnB5eVEsJce3QaawX8SjDn0mAS0ZM8fAbZZJD4ajvhC15cePvosSCut404KrIIvQ==}
    engines: {node: '>=14'}
    peerDependencies:
      '@opentelemetry/api': '>=1.0.0 <1.10.0'

  '@opentelemetry/instrumentation-connect@0.39.0':
    resolution: {integrity: sha512-pGBiKevLq7NNglMgqzmeKczF4XQMTOUOTkK8afRHMZMnrK3fcETyTH7lVaSozwiOM3Ws+SuEmXZT7DYrrhxGlg==}
    engines: {node: '>=14'}
    peerDependencies:
      '@opentelemetry/api': ^1.3.0

  '@opentelemetry/instrumentation-dataloader@0.12.0':
    resolution: {integrity: sha512-pnPxatoFE0OXIZDQhL2okF//dmbiWFzcSc8pUg9TqofCLYZySSxDCgQc69CJBo5JnI3Gz1KP+mOjS4WAeRIH4g==}
    engines: {node: '>=14'}
    peerDependencies:
      '@opentelemetry/api': ^1.3.0

  '@opentelemetry/instrumentation-express@0.42.0':
    resolution: {integrity: sha512-YNcy7ZfGnLsVEqGXQPT+S0G1AE46N21ORY7i7yUQyfhGAL4RBjnZUqefMI0NwqIl6nGbr1IpF0rZGoN8Q7x12Q==}
    engines: {node: '>=14'}
    peerDependencies:
      '@opentelemetry/api': ^1.3.0

  '@opentelemetry/instrumentation-fastify@0.39.0':
    resolution: {integrity: sha512-SS9uSlKcsWZabhBp2szErkeuuBDgxOUlllwkS92dVaWRnMmwysPhcEgHKB8rUe3BHg/GnZC1eo1hbTZv4YhfoA==}
    engines: {node: '>=14'}
    peerDependencies:
      '@opentelemetry/api': ^1.3.0

  '@opentelemetry/instrumentation-fs@0.15.0':
    resolution: {integrity: sha512-JWVKdNLpu1skqZQA//jKOcKdJC66TWKqa2FUFq70rKohvaSq47pmXlnabNO+B/BvLfmidfiaN35XakT5RyMl2Q==}
    engines: {node: '>=14'}
    peerDependencies:
      '@opentelemetry/api': ^1.3.0

  '@opentelemetry/instrumentation-generic-pool@0.39.0':
    resolution: {integrity: sha512-y4v8Y+tSfRB3NNBvHjbjrn7rX/7sdARG7FuK6zR8PGb28CTa0kHpEGCJqvL9L8xkTNvTXo+lM36ajFGUaK1aNw==}
    engines: {node: '>=14'}
    peerDependencies:
      '@opentelemetry/api': ^1.3.0

  '@opentelemetry/instrumentation-graphql@0.43.0':
    resolution: {integrity: sha512-aI3YMmC2McGd8KW5du1a2gBA0iOMOGLqg4s9YjzwbjFwjlmMNFSK1P3AIg374GWg823RPUGfVTIgZ/juk9CVOA==}
    engines: {node: '>=14'}
    peerDependencies:
      '@opentelemetry/api': ^1.3.0

  '@opentelemetry/instrumentation-hapi@0.41.0':
    resolution: {integrity: sha512-jKDrxPNXDByPlYcMdZjNPYCvw0SQJjN+B1A+QH+sx+sAHsKSAf9hwFiJSrI6C4XdOls43V/f/fkp9ITkHhKFbQ==}
    engines: {node: '>=14'}
    peerDependencies:
      '@opentelemetry/api': ^1.3.0

  '@opentelemetry/instrumentation-http@0.53.0':
    resolution: {integrity: sha512-H74ErMeDuZfj7KgYCTOFGWF5W9AfaPnqLQQxeFq85+D29wwV2yqHbz2IKLYpkOh7EI6QwDEl7rZCIxjJLyc/CQ==}
    engines: {node: '>=14'}
    peerDependencies:
      '@opentelemetry/api': ^1.3.0

  '@opentelemetry/instrumentation-ioredis@0.43.0':
    resolution: {integrity: sha512-i3Dke/LdhZbiUAEImmRG3i7Dimm/BD7t8pDDzwepSvIQ6s2X6FPia7561gw+64w+nx0+G9X14D7rEfaMEmmjig==}
    engines: {node: '>=14'}
    peerDependencies:
      '@opentelemetry/api': ^1.3.0

  '@opentelemetry/instrumentation-kafkajs@0.3.0':
    resolution: {integrity: sha512-UnkZueYK1ise8FXQeKlpBd7YYUtC7mM8J0wzUSccEfc/G8UqHQqAzIyYCUOUPUKp8GsjLnWOOK/3hJc4owb7Jg==}
    engines: {node: '>=14'}
    peerDependencies:
      '@opentelemetry/api': ^1.3.0

  '@opentelemetry/instrumentation-koa@0.43.0':
    resolution: {integrity: sha512-lDAhSnmoTIN6ELKmLJBplXzT/Jqs5jGZehuG22EdSMaTwgjMpxMDI1YtlKEhiWPWkrz5LUsd0aOO0ZRc9vn3AQ==}
    engines: {node: '>=14'}
    peerDependencies:
      '@opentelemetry/api': ^1.3.0

  '@opentelemetry/instrumentation-mongodb@0.47.0':
    resolution: {integrity: sha512-yqyXRx2SulEURjgOQyJzhCECSh5i1uM49NUaq9TqLd6fA7g26OahyJfsr9NE38HFqGRHpi4loyrnfYGdrsoVjQ==}
    engines: {node: '>=14'}
    peerDependencies:
      '@opentelemetry/api': ^1.3.0

  '@opentelemetry/instrumentation-mongoose@0.42.0':
    resolution: {integrity: sha512-AnWv+RaR86uG3qNEMwt3plKX1ueRM7AspfszJYVkvkehiicC3bHQA6vWdb6Zvy5HAE14RyFbu9+2hUUjR2NSyg==}
    engines: {node: '>=14'}
    peerDependencies:
      '@opentelemetry/api': ^1.3.0

  '@opentelemetry/instrumentation-mysql2@0.41.0':
    resolution: {integrity: sha512-REQB0x+IzVTpoNgVmy5b+UnH1/mDByrneimP6sbDHkp1j8QOl1HyWOrBH/6YWR0nrbU3l825Em5PlybjT3232g==}
    engines: {node: '>=14'}
    peerDependencies:
      '@opentelemetry/api': ^1.3.0

  '@opentelemetry/instrumentation-mysql@0.41.0':
    resolution: {integrity: sha512-jnvrV6BsQWyHS2qb2fkfbfSb1R/lmYwqEZITwufuRl37apTopswu9izc0b1CYRp/34tUG/4k/V39PND6eyiNvw==}
    engines: {node: '>=14'}
    peerDependencies:
      '@opentelemetry/api': ^1.3.0

  '@opentelemetry/instrumentation-nestjs-core@0.40.0':
    resolution: {integrity: sha512-WF1hCUed07vKmf5BzEkL0wSPinqJgH7kGzOjjMAiTGacofNXjb/y4KQ8loj2sNsh5C/NN7s1zxQuCgbWbVTGKg==}
    engines: {node: '>=14'}
    peerDependencies:
      '@opentelemetry/api': ^1.3.0

  '@opentelemetry/instrumentation-pg@0.44.0':
    resolution: {integrity: sha512-oTWVyzKqXud1BYEGX1loo2o4k4vaU1elr3vPO8NZolrBtFvQ34nx4HgUaexUDuEog00qQt+MLR5gws/p+JXMLQ==}
    engines: {node: '>=14'}
    peerDependencies:
      '@opentelemetry/api': ^1.3.0

  '@opentelemetry/instrumentation-redis-4@0.42.0':
    resolution: {integrity: sha512-NaD+t2JNcOzX/Qa7kMy68JbmoVIV37fT/fJYzLKu2Wwd+0NCxt+K2OOsOakA8GVg8lSpFdbx4V/suzZZ2Pvdjg==}
    engines: {node: '>=14'}
    peerDependencies:
      '@opentelemetry/api': ^1.3.0

  '@opentelemetry/instrumentation-undici@0.6.0':
    resolution: {integrity: sha512-ABJBhm5OdhGmbh0S/fOTE4N69IZ00CsHC5ijMYfzbw3E5NwLgpQk5xsljaECrJ8wz1SfXbO03FiSuu5AyRAkvQ==}
    engines: {node: '>=14'}
    peerDependencies:
      '@opentelemetry/api': ^1.7.0

  '@opentelemetry/instrumentation@0.52.1':
    resolution: {integrity: sha512-uXJbYU/5/MBHjMp1FqrILLRuiJCs3Ofk0MeRDk8g1S1gD47U8X3JnSwcMO1rtRo1x1a7zKaQHaoYu49p/4eSKw==}
    engines: {node: '>=14'}
    peerDependencies:
      '@opentelemetry/api': ^1.3.0

  '@opentelemetry/instrumentation@0.53.0':
    resolution: {integrity: sha512-DMwg0hy4wzf7K73JJtl95m/e0boSoWhH07rfvHvYzQtBD3Bmv0Wc1x733vyZBqmFm8OjJD0/pfiUg1W3JjFX0A==}
    engines: {node: '>=14'}
    peerDependencies:
      '@opentelemetry/api': ^1.3.0

  '@opentelemetry/redis-common@0.36.2':
    resolution: {integrity: sha512-faYX1N0gpLhej/6nyp6bgRjzAKXn5GOEMYY7YhciSfCoITAktLUtQ36d24QEWNA1/WA1y6qQunCe0OhHRkVl9g==}
    engines: {node: '>=14'}

  '@opentelemetry/resources@1.26.0':
    resolution: {integrity: sha512-CPNYchBE7MBecCSVy0HKpUISEeJOniWqcHaAHpmasZ3j9o6V3AyBzhRc90jdmemq0HOxDr6ylhUbDhBqqPpeNw==}
    engines: {node: '>=14'}
    peerDependencies:
      '@opentelemetry/api': '>=1.0.0 <1.10.0'

  '@opentelemetry/sdk-metrics@1.26.0':
    resolution: {integrity: sha512-0SvDXmou/JjzSDOjUmetAAvcKQW6ZrvosU0rkbDGpXvvZN+pQF6JbK/Kd4hNdK4q/22yeruqvukXEJyySTzyTQ==}
    engines: {node: '>=14'}
    peerDependencies:
      '@opentelemetry/api': '>=1.3.0 <1.10.0'

  '@opentelemetry/sdk-trace-base@1.26.0':
    resolution: {integrity: sha512-olWQldtvbK4v22ymrKLbIcBi9L2SpMO84sCPY54IVsJhP9fRsxJT194C/AVaAuJzLE30EdhhM1VmvVYR7az+cw==}
    engines: {node: '>=14'}
    peerDependencies:
      '@opentelemetry/api': '>=1.0.0 <1.10.0'

  '@opentelemetry/semantic-conventions@1.27.0':
    resolution: {integrity: sha512-sAay1RrB+ONOem0OZanAR1ZI/k7yDpnOQSQmTMuGImUQb2y8EbSaCJ94FQluM74xoU03vlb2d2U90hZluL6nQg==}
    engines: {node: '>=14'}

  '@opentelemetry/sql-common@0.40.1':
    resolution: {integrity: sha512-nSDlnHSqzC3pXn/wZEZVLuAuJ1MYMXPBwtv2qAbCa3847SaHItdE7SzUq/Jtb0KZmh1zfAbNi3AAMjztTT4Ugg==}
    engines: {node: '>=14'}
    peerDependencies:
      '@opentelemetry/api': ^1.1.0

  '@prisma/instrumentation@5.19.1':
    resolution: {integrity: sha512-VLnzMQq7CWroL5AeaW0Py2huiNKeoMfCH3SUxstdzPrlWQi6UQ9UrfcbUkNHlVFqOMacqy8X/8YtE0kuKDpD9w==}

  '@sentry/core@8.31.0':
    resolution: {integrity: sha512-5zsMBOML18e5a/ZoR5XpcYF59e2kSxb6lTg13u52f/+NA27EPgxKgXim5dz6L/6+0cizgwwmFaZFGJiFc2qoAA==}
    engines: {node: '>=14.18'}

  '@sentry/node@8.31.0':
    resolution: {integrity: sha512-S4UFpomNruEkBhPgAdHeFrtKfIJp3s4VbIvWIuKsft+SoA3J19a4ozCqijoKu+y6sa++osAYi4S9M7fA7nO0bg==}
    engines: {node: '>=14.18'}

  '@sentry/opentelemetry@8.31.0':
    resolution: {integrity: sha512-aAbUMlyZ6EMc3IRcRcr2d5nuNevUgpXpSfhzo9pJbSEfhMe4drJEBnhyAYgPm0HeZtKomWnlXAyrjwSU8weTXg==}
    engines: {node: '>=14.18'}
    peerDependencies:
      '@opentelemetry/api': ^1.9.0
      '@opentelemetry/core': ^1.25.1
      '@opentelemetry/instrumentation': ^0.53.0
      '@opentelemetry/sdk-trace-base': ^1.26.0
      '@opentelemetry/semantic-conventions': ^1.27.0

  '@sentry/profiling-node@8.31.0':
    resolution: {integrity: sha512-XCsgEnRTxxB6Y9/9aFQxuv/HQSD4y1GUW/cxN8nFDW+TDrjbUqCYPss5qfCL+NMvlsDi9DbmWqCNY/OCkbzddg==}
    engines: {node: '>=14.18'}
    hasBin: true

  '@sentry/types@8.31.0':
    resolution: {integrity: sha512-prRM/n5nlP+xQZSpdEkSR8BwwZtgsLk0NbI8eCjTMu2isVlrlggop8pVaJb7y9HmElVtDA1Q6y4u8TD2htQKFQ==}
    engines: {node: '>=14.18'}

  '@sentry/utils@8.31.0':
    resolution: {integrity: sha512-9W2LZ9QIHKc0HSyH/7UmTolc01Q4vX/qMSZk7i1noinlkQtnRUmTP39r1DSITjKCrDHj6zvB/J1RPDUoRcTXxQ==}
    engines: {node: '>=14.18'}

  '@types/connect@3.4.36':
    resolution: {integrity: sha512-P63Zd/JUGq+PdrM1lv0Wv5SBYeA2+CORvbrXbngriYY0jzLUWfQMQQxOhjONEz/wlHOAxOdY7CY65rgQdTjq2w==}

  '@types/mysql@2.15.26':
    resolution: {integrity: sha512-DSLCOXhkvfS5WNNPbfn2KdICAmk8lLc+/PNvnPnF7gOdMZCxopXduqv0OQ13y/yA/zXTSikZZqVgybUxOEg6YQ==}

  '@types/node@20.16.5':
    resolution: {integrity: sha512-VwYCweNo3ERajwy0IUlqqcyZ8/A7Zwa9ZP3MnENWcB11AejO+tLy3pu850goUW2FC/IJMdZUfKpX/yxL1gymCA==}

  '@types/pg-pool@2.0.6':
    resolution: {integrity: sha512-TaAUE5rq2VQYxab5Ts7WZhKNmuN78Q6PiFonTDdpbx8a1H0M1vhy3rhiMjl+e2iHmogyMw7jZF4FrE6eJUy5HQ==}

  '@types/pg@8.6.1':
    resolution: {integrity: sha512-1Kc4oAGzAl7uqUStZCDvaLFqZrW9qWSjXOmBfdgyBP5La7Us6Mg4GBvRlSoaZMhQF/zSj1C8CtKMBkoiT8eL8w==}

  '@types/shimmer@1.2.0':
    resolution: {integrity: sha512-UE7oxhQLLd9gub6JKIAhDq06T0F6FnztwMNRvYgjeQSBeMc1ZG/tA47EwfduvkuQS8apbkM/lpLpWsaCeYsXVg==}

  abort-controller@3.0.0:
    resolution: {integrity: sha512-h8lQ8tacZYnR3vNQTgibj+tODHI5/+l06Au2Pcriv/Gmet0eaj4TwWH41sO9wnHDiQsEj19q0drzdWdeAHtweg==}
    engines: {node: '>=6.5'}

  abstract-logging@2.0.1:
    resolution: {integrity: sha512-2BjRTZxTPvheOvGbBslFSYOUkr+SjPtOnrLP33f+VIWLzezQpZcqVg7ja3L4dBXmzzgwT+a029jRx5PCi3JuiA==}

  acorn-import-attributes@1.9.5:
    resolution: {integrity: sha512-n02Vykv5uA3eHGM/Z2dQrcD56kL8TyDb2p1+0P83PClMnC/nc+anbQRhIOWnSq4Ke/KvDPrY3C9hDtC/A3eHnQ==}
    peerDependencies:
      acorn: ^8

  acorn@8.12.1:
    resolution: {integrity: sha512-tcpGyI9zbizT9JbV6oYE477V6mTlXvvi0T0G3SNIYE2apm/G5huBa1+K89VGeovbg+jycCrfhl3ADxErOuO6Jg==}
    engines: {node: '>=0.4.0'}
    hasBin: true

  ajv-formats@2.1.1:
    resolution: {integrity: sha512-Wx0Kx52hxE7C18hkMEggYlEifqWZtYaRgouJor+WMdPnQyEK13vgEWyVNup7SoeeoLMsr4kf5h6dOW11I15MUA==}
    peerDependencies:
      ajv: ^8.0.0
    peerDependenciesMeta:
      ajv:
        optional: true

  ajv-formats@3.0.1:
    resolution: {integrity: sha512-8iUql50EUR+uUcdRQ3HDqa6EVyo3docL8g5WJ3FNcWmu62IbkGUue/pEyLBW8VGKKucTPgqeks4fIU1DA4yowQ==}
    peerDependencies:
      ajv: ^8.0.0
    peerDependenciesMeta:
      ajv:
        optional: true

  ajv@8.17.1:
    resolution: {integrity: sha512-B/gBuNg5SiMTrPkC+A2+cW0RszwxYmn6VYxB/inlBStS5nx6xHIt/ehKRhIMhqusl7a8LjQoZnjCs5vhwxOQ1g==}

  atomic-sleep@1.0.0:
    resolution: {integrity: sha512-kNOjDqAh7px0XWNI+4QbzoiR/nTkHAWNud2uvnJquD1/x5a7EQZMJT0AczqK0Qn67oY/TTQ1LbUKajZpp3I9tQ==}
    engines: {node: '>=8.0.0'}

  avvio@8.4.0:
    resolution: {integrity: sha512-CDSwaxINFy59iNwhYnkvALBwZiTydGkOecZyPkqBpABYR1KqGEsET0VOOYDwtleZSUIdeY36DC2bSZ24CO1igA==}

  base64-js@1.5.1:
    resolution: {integrity: sha512-AKpaYlHn8t4SVbOHCy+b5+KKgvR4vrsD8vbvrbiQJps7fKDTkjkDry6ji0rUJjC0kzbNePLwzxq8iypo41qeWA==}

  buffer@6.0.3:
    resolution: {integrity: sha512-FTiCpNxtwiZZHEZbcbTIcZjERVICn9yq/pDFkTl95/AxzD1naBctN7YO68riM/gLSDY7sdrMby8hofADYuuqOA==}

  cjs-module-lexer@1.4.1:
    resolution: {integrity: sha512-cuSVIHi9/9E/+821Qjdvngor+xpnlwnuwIyZOaLmHBVdXL+gP+I6QQB9VkO7RI77YIcTV+S1W9AreJ5eN63JBA==}

  cookie@0.6.0:
    resolution: {integrity: sha512-U71cyTamuh1CRNCfpGY6to28lxvNwPG4Guz/EVjgf3Jmzv0vlDp1atT9eS5dDjMYHucpHbWns6Lwf3BKz6svdw==}
    engines: {node: '>= 0.6'}

  debug@4.3.7:
    resolution: {integrity: sha512-Er2nc/H7RrMXZBFCEim6TCmMk02Z8vLC2Rbi1KEBggpo0fS6l0S1nnapwmIi3yW/+GOJap1Krg4w0Hg80oCqgQ==}
    engines: {node: '>=6.0'}
    peerDependencies:
      supports-color: '*'
    peerDependenciesMeta:
      supports-color:
        optional: true

  detect-libc@2.0.3:
    resolution: {integrity: sha512-bwy0MGW55bG41VqxxypOsdSdGqLwXPI/focwgTYCFMbdUiBAxLg9CFzG08sz2aqzknwiX7Hkl0bQENjg8iLByw==}
    engines: {node: '>=8'}

  event-target-shim@5.0.1:
    resolution: {integrity: sha512-i/2XbnSz/uxRCU6+NdVJgKWDTM427+MqYbkQzD321DuCQJUqOuJKIA0IM2+W2xtYHdKOmZ4dR6fExsd4SXL+WQ==}
    engines: {node: '>=6'}

  events@3.3.0:
    resolution: {integrity: sha512-mQw+2fkQbALzQ7V0MY0IqdnXNOeTtP4r0lN9z7AAawCXgqea7bDii20AYrIBrFd/Hx0M2Ocz6S111CaFkUcb0Q==}
    engines: {node: '>=0.8.x'}

  fast-content-type-parse@1.1.0:
    resolution: {integrity: sha512-fBHHqSTFLVnR61C+gltJuE5GkVQMV0S2nqUO8TJ+5Z3qAKG8vAx4FKai1s5jq/inV1+sREynIWSuQ6HgoSXpDQ==}

  fast-decode-uri-component@1.0.1:
    resolution: {integrity: sha512-WKgKWg5eUxvRZGwW8FvfbaH7AXSh2cL+3j5fMGzUMCxWBJ3dV3a7Wz8y2f/uQ0e3B6WmodD3oS54jTQ9HVTIIg==}

  fast-deep-equal@3.1.3:
    resolution: {integrity: sha512-f3qQ9oQy9j2AhBe/H9VC91wLmKBCCU/gDOnKNAYG5hswO7BLKj09Hc5HYNz9cGI++xlpDCIgDaitVs03ATR84Q==}

  fast-json-stringify@5.16.1:
    resolution: {integrity: sha512-KAdnLvy1yu/XrRtP+LJnxbBGrhN+xXu+gt3EUvZhYGKCr3lFHq/7UFJHHFgmJKoqlh6B40bZLEv7w46B0mqn1g==}

  fast-querystring@1.1.2:
    resolution: {integrity: sha512-g6KuKWmFXc0fID8WWH0jit4g0AGBoJhCkJMb1RmbsSEUNvQ+ZC8D6CUZ+GtF8nMzSPXnhiePyyqqipzNNEnHjg==}

  fast-redact@3.5.0:
    resolution: {integrity: sha512-dwsoQlS7h9hMeYUq1W++23NDcBLV4KqONnITDV9DjfS3q1SgDGVrBdvvTLUotWtPSD7asWDV9/CmsZPy8Hf70A==}
    engines: {node: '>=6'}

  fast-uri@2.4.0:
    resolution: {integrity: sha512-ypuAmmMKInk5q7XcepxlnUWDLWv4GFtaJqAzWKqn62IpQ3pejtr5dTVbt3vwqVaMKmkNR55sTT+CqUKIaT21BA==}

  fast-uri@3.0.1:
    resolution: {integrity: sha512-MWipKbbYiYI0UC7cl8m/i/IWTqfC8YXsqjzybjddLsFjStroQzsHXkc73JutMvBiXmOvapk+axIl79ig5t55Bw==}

  fastify@4.28.1:
    resolution: {integrity: sha512-kFWUtpNr4i7t5vY2EJPCN2KgMVpuqfU4NjnJNCgiNB900oiDeYqaNDRcAfeBbOF5hGixixxcKnOU4KN9z6QncQ==}

  fastq@1.17.1:
    resolution: {integrity: sha512-sRVD3lWVIXWg6By68ZN7vho9a1pQcN/WBFaAAsDDFzlJjvoGx0P8z7V1t72grFJfJhu3YPZBuu25f7Kaw2jN1w==}

  find-my-way@8.2.0:
    resolution: {integrity: sha512-HdWXgFYc6b1BJcOBDBwjqWuHJj1WYiqrxSh25qtU4DabpMFdj/gSunNBQb83t+8Zt67D7CXEzJWTkxaShMTMOA==}
    engines: {node: '>=14'}

  forwarded@0.2.0:
    resolution: {integrity: sha512-buRG0fpBtRHSTCOASe6hD258tEubFoRLb4ZNA6NxMVHNw2gOcwHo9wyablzMzOA5z9xA9L1KNjk/Nt6MT9aYow==}
    engines: {node: '>= 0.6'}

  function-bind@1.1.2:
    resolution: {integrity: sha512-7XHNxH7qX9xG5mIwxkhumTox/MIRNcOgDrxWsMt2pAr23WHp6MrRlN7FBSFpCpr+oVO0F744iUgR82nJMfG2SA==}

  hasown@2.0.2:
    resolution: {integrity: sha512-0hJU9SCPvmMzIBdZFqNPXWa6dqh7WdH0cII9y+CyS8rG3nL48Bclra9HmKhVVUHyPWNH5Y7xDwAB7bfgSjkUMQ==}
    engines: {node: '>= 0.4'}

  ieee754@1.2.1:
    resolution: {integrity: sha512-dcyqhDvX1C46lXZcVqCpK+FtMRQVdIMN6/Df5js2zouUsqG7I6sFxitIC+7KYK29KdXOLHdu9zL4sFnoVQnqaA==}

  import-in-the-middle@1.11.0:
    resolution: {integrity: sha512-5DimNQGoe0pLUHbR9qK84iWaWjjbsxiqXnw6Qz64+azRgleqv9k2kTt5fw7QsOpmaGYtuxxursnPPsnTKEx10Q==}

  ipaddr.js@1.9.1:
    resolution: {integrity: sha512-0KI/607xoxSToH7GjN1FfSbLoU0+btTicjsQSWQlh/hZykN8KpmMf7uYwPW3R+akZ6R/w18ZlXSHBYXiYUPO3g==}
    engines: {node: '>= 0.10'}

  is-core-module@2.15.1:
    resolution: {integrity: sha512-z0vtXSwucUJtANQWldhbtbt7BnL0vxiFjIdDLAatwhDYty2bad6s+rijD6Ri4YuYJubLzIJLUidCh09e1djEVQ==}
    engines: {node: '>= 0.4'}

  json-schema-ref-resolver@1.0.1:
    resolution: {integrity: sha512-EJAj1pgHc1hxF6vo2Z3s69fMjO1INq6eGHXZ8Z6wCQeldCuwxGK9Sxf4/cScGn3FZubCVUehfWtcDM/PLteCQw==}

  json-schema-traverse@1.0.0:
    resolution: {integrity: sha512-NM8/P9n3XjXhIZn1lLhkFaACTOURQXjWhV4BA/RnOv8xvgqtqpAX9IO4mRQxSx1Rlo4tqzeqb0sOlruaOy3dug==}

  light-my-request@5.13.0:
    resolution: {integrity: sha512-9IjUN9ZyCS9pTG+KqTDEQo68Sui2lHsYBrfMyVUTTZ3XhH8PMZq7xO94Kr+eP9dhi/kcKsx4N41p2IXEBil1pQ==}

  module-details-from-path@1.0.3:
    resolution: {integrity: sha512-ySViT69/76t8VhE1xXHK6Ch4NcDd26gx0MzKXLO+F7NOtnqH68d9zF94nT8ZWSxXh8ELOERsnJO/sWt1xZYw5A==}

  ms@2.1.3:
    resolution: {integrity: sha512-6FlzubTLZG3J2a/NVCAleEhjzq5oxgHyaCU9yYXvcLsvoVaHJq/s5xXI6/XXP6tz7R9xAOtHnSO/tXtF3WRTlA==}

  node-abi@3.67.0:
    resolution: {integrity: sha512-bLn/fU/ALVBE9wj+p4Y21ZJWYFjUXLXPi/IewyLZkx3ApxKDNBWCKdReeKOtD8dWpOdDCeMyLh6ZewzcLsG2Nw==}
    engines: {node: '>=10'}

  on-exit-leak-free@2.1.2:
    resolution: {integrity: sha512-0eJJY6hXLGf1udHwfNftBqH+g73EU4B504nZeKpz1sYRKafAghwxEJunB2O7rDZkL4PGfsMVnTXZ2EjibbqcsA==}
    engines: {node: '>=14.0.0'}

  path-parse@1.0.7:
    resolution: {integrity: sha512-LDJzPVEEEPR+y48z93A0Ed0yXb8pAByGWo/k5YYdYgpY2/2EsOsksJrq7lOHxryrVOn1ejG6oAp8ahvOIQD8sw==}

  pg-int8@1.0.1:
    resolution: {integrity: sha512-WCtabS6t3c8SkpDBUlb1kjOs7l66xsGdKpIPZsg4wR+B3+u9UAum2odSsF9tnvxg80h4ZxLWMy4pRjOsFIqQpw==}
    engines: {node: '>=4.0.0'}

  pg-protocol@1.6.1:
    resolution: {integrity: sha512-jPIlvgoD63hrEuihvIg+tJhoGjUsLPn6poJY9N5CnlPd91c2T18T/9zBtLxZSb1EhYxBRoZJtzScCaWlYLtktg==}

  pg-types@2.2.0:
    resolution: {integrity: sha512-qTAAlrEsl8s4OiEQY69wDvcMIdQN6wdz5ojQiOy6YRMuynxenON0O5oCpJI6lshc6scgAY8qvJ2On/p+CXY0GA==}
    engines: {node: '>=4'}

  pino-abstract-transport@1.2.0:
    resolution: {integrity: sha512-Guhh8EZfPCfH+PMXAb6rKOjGQEoy0xlAIn+irODG5kgfYV+BQ0rGYYWTIel3P5mmyXqkYkPmdIkywsn6QKUR1Q==}

  pino-std-serializers@7.0.0:
    resolution: {integrity: sha512-e906FRY0+tV27iq4juKzSYPbUj2do2X2JX4EzSca1631EB2QJQUqGbDuERal7LCtOpxl6x3+nvo9NPZcmjkiFA==}

  pino@9.4.0:
    resolution: {integrity: sha512-nbkQb5+9YPhQRz/BeQmrWpEknAaqjpAqRK8NwJpmrX/JHu7JuZC5G1CeAwJDJfGes4h+YihC6in3Q2nGb+Y09w==}
    hasBin: true

  postgres-array@2.0.0:
    resolution: {integrity: sha512-VpZrUqU5A69eQyW2c5CA1jtLecCsN2U/bD6VilrFDWq5+5UIEVO7nazS3TEcHf1zuPYO/sqGvUvW62g86RXZuA==}
    engines: {node: '>=4'}

  postgres-bytea@1.0.0:
    resolution: {integrity: sha512-xy3pmLuQqRBZBXDULy7KbaitYqLcmxigw14Q5sj8QBVLqEwXfeybIKVWiqAXTlcvdvb0+xkOtDbfQMOf4lST1w==}
    engines: {node: '>=0.10.0'}

  postgres-date@1.0.7:
    resolution: {integrity: sha512-suDmjLVQg78nMK2UZ454hAG+OAW+HQPZ6n++TNDUX+L0+uUlLywnoxJKDou51Zm+zTCjrCl0Nq6J9C5hP9vK/Q==}
    engines: {node: '>=0.10.0'}

  postgres-interval@1.2.0:
    resolution: {integrity: sha512-9ZhXKM/rw350N1ovuWHbGxnGh/SNJ4cnxHiM0rxE4VN41wsg8P8zWn9hv/buK00RP4WvlOyr/RBDiptyxVbkZQ==}
    engines: {node: '>=0.10.0'}

  process-warning@3.0.0:
    resolution: {integrity: sha512-mqn0kFRl0EoqhnL0GQ0veqFHyIN1yig9RHh/InzORTUiZHFRAur+aMtRkELNwGs9aNwKS6tg/An4NYBPGwvtzQ==}

  process-warning@4.0.0:
    resolution: {integrity: sha512-/MyYDxttz7DfGMMHiysAsFE4qF+pQYAA8ziO/3NcRVrQ5fSk+Mns4QZA/oRPFzvcqNoVJXQNWNAsdwBXLUkQKw==}

  process@0.11.10:
    resolution: {integrity: sha512-cdGef/drWFoydD1JsMzuFf8100nZl+GT+yacc2bEced5f9Rjk4z+WtFUTBu9PhOi9j/jfmBPu0mMEY4wIdAF8A==}
    engines: {node: '>= 0.6.0'}

  proxy-addr@2.0.7:
    resolution: {integrity: sha512-llQsMLSUDUPT44jdrU/O37qlnifitDP+ZwrmmZcoSKyLKvtZxpyV0n2/bD/N4tBAAZ/gJEdZU7KMraoK1+XYAg==}
    engines: {node: '>= 0.10'}

  quick-format-unescaped@4.0.4:
    resolution: {integrity: sha512-tYC1Q1hgyRuHgloV/YXs2w15unPVh8qfu/qCTfhTYamaw7fyhumKa2yGpdSo87vY32rIclj+4fWYQXUMs9EHvg==}

  readable-stream@4.5.2:
    resolution: {integrity: sha512-yjavECdqeZ3GLXNgRXgeQEdz9fvDDkNKyHnbHRFtOr7/LcfgBcmct7t/ET+HaCTqfh06OzoAxrkN/IfjJBVe+g==}
    engines: {node: ^12.22.0 || ^14.17.0 || >=16.0.0}

  real-require@0.2.0:
    resolution: {integrity: sha512-57frrGM/OCTLqLOAh0mhVA9VBMHd+9U7Zb2THMGdBUoZVOtGbJzjxsYGDJ3A9AYYCP4hn6y1TVbaOfzWtm5GFg==}
    engines: {node: '>= 12.13.0'}

  require-from-string@2.0.2:
    resolution: {integrity: sha512-Xf0nWe6RseziFMu+Ap9biiUbmplq6S9/p+7w7YXP/JBHhrUDDUhwa+vANyubuqfZWTveU//DYVGsDG7RKL/vEw==}
    engines: {node: '>=0.10.0'}

  require-in-the-middle@7.4.0:
    resolution: {integrity: sha512-X34iHADNbNDfr6OTStIAHWSAvvKQRYgLO6duASaVf7J2VA3lvmNYboAHOuLC2huav1IwgZJtyEcJCKVzFxOSMQ==}
    engines: {node: '>=8.6.0'}

  resolve@1.22.8:
    resolution: {integrity: sha512-oKWePCxqpd6FlLvGV1VU0x7bkPmmCNolxzjMf4NczoDnQcIWrAF+cPtZn5i6n+RfD2d9i0tzpKnG6Yk168yIyw==}
    hasBin: true

  ret@0.4.3:
    resolution: {integrity: sha512-0f4Memo5QP7WQyUEAYUO3esD/XjOc3Zjjg5CPsAq1p8sIu0XPeMbHJemKA0BO7tV0X7+A0FoEpbmHXWxPyD3wQ==}
    engines: {node: '>=10'}

  reusify@1.0.4:
    resolution: {integrity: sha512-U9nH88a3fc/ekCF1l0/UP1IosiuIjyTh7hBvXVMHYgVcfGvt897Xguj2UOLDeI5BG2m7/uwyaLVT6fbtCwTyzw==}
    engines: {iojs: '>=1.0.0', node: '>=0.10.0'}

  rfdc@1.4.1:
    resolution: {integrity: sha512-q1b3N5QkRUWUl7iyylaaj3kOpIT0N2i9MqIEQXP73GVsN9cw3fdx8X63cEmWhJGi2PPCF23Ijp7ktmd39rawIA==}

  safe-buffer@5.2.1:
    resolution: {integrity: sha512-rp3So07KcdmmKbGvgaNxQSJr7bGVSVk5S9Eq1F+ppbRo70+YeaDxkw5Dd8NPN+GD6bjnYm2VuPuCXmpuYvmCXQ==}

  safe-regex2@3.1.0:
    resolution: {integrity: sha512-RAAZAGbap2kBfbVhvmnTFv73NWLMvDGOITFYTZBAaY8eR+Ir4ef7Up/e7amo+y1+AH+3PtLkrt9mvcTsG9LXug==}

  safe-stable-stringify@2.5.0:
    resolution: {integrity: sha512-b3rppTKm9T+PsVCBEOUR46GWI7fdOs00VKZ1+9c1EWDaDMvjQc6tUwuFyIprgGgTcWoVHSKrU8H31ZHA2e0RHA==}
    engines: {node: '>=10'}

  secure-json-parse@2.7.0:
    resolution: {integrity: sha512-6aU+Rwsezw7VR8/nyvKTx8QpWH9FrcYiXXlqC4z5d5XQBDRqtbfsRjnwGyqbi3gddNtWHuEk9OANUotL26qKUw==}

  semver@7.6.3:
    resolution: {integrity: sha512-oVekP1cKtI+CTDvHWYFUcMtsK/00wmAEfyqKfNdARm8u1wNVhSgaX7A8d4UuIlUI5e84iEwOhs7ZPYRmzU9U6A==}
    engines: {node: '>=10'}
    hasBin: true

  set-cookie-parser@2.7.0:
    resolution: {integrity: sha512-lXLOiqpkUumhRdFF3k1osNXCy9akgx/dyPZ5p8qAg9seJzXr5ZrlqZuWIMuY6ejOsVLE6flJ5/h3lsn57fQ/PQ==}

  shimmer@1.2.1:
    resolution: {integrity: sha512-sQTKC1Re/rM6XyFM6fIAGHRPVGvyXfgzIDvzoq608vM+jeyVD0Tu1E6Np0Kc2zAIFWIj963V2800iF/9LPieQw==}

  sonic-boom@4.1.0:
    resolution: {integrity: sha512-NGipjjRicyJJ03rPiZCJYjwlsuP2d1/5QUviozRXC7S3WdVWNK5e3Ojieb9CCyfhq2UC+3+SRd9nG3I2lPRvUw==}

  split2@4.2.0:
    resolution: {integrity: sha512-UcjcJOWknrNkF6PLX83qcHM6KHgVKNkV62Y8a5uYDVv9ydGQVwAHMKqHdJje1VTWpljG0WYpCDhrCdAOYH4TWg==}
    engines: {node: '>= 10.x'}

  string_decoder@1.3.0:
    resolution: {integrity: sha512-hkRX8U1WjJFd8LsDJ2yQ/wWWxaopEsABU1XfkM8A+j0+85JAGppt16cr1Whg6KIbb4okU6Mql6BOj+uup/wKeA==}

  supports-preserve-symlinks-flag@1.0.0:
    resolution: {integrity: sha512-ot0WnXS9fgdkgIcePe6RHNk1WA8+muPa6cSjeR3V8K27q9BB1rTE3R1p7Hv0z1ZyAc8s6Vvv8DIyWf681MAt0w==}
    engines: {node: '>= 0.4'}

  thread-stream@3.1.0:
    resolution: {integrity: sha512-OqyPZ9u96VohAyMfJykzmivOrY2wfMSf3C5TtFJVgN+Hm6aj+voFhlK+kZEIv2FBh1X6Xp3DlnCOfEQ3B2J86A==}

  toad-cache@3.7.0:
    resolution: {integrity: sha512-/m8M+2BJUpoJdgAHoG+baCwBT+tf2VraSfkBgl0Y00qIWt41DJ8R5B8nsEw0I58YwF5IZH6z24/2TobDKnqSWw==}
    engines: {node: '>=12'}

  typescript@5.6.2:
    resolution: {integrity: sha512-NW8ByodCSNCwZeghjN3o+JX5OFH0Ojg6sadjEKY4huZ52TqbJTJnDo5+Tw98lSy63NZvi4n+ez5m2u5d4PkZyw==}
    engines: {node: '>=14.17'}
    hasBin: true

  undici-types@6.19.8:
    resolution: {integrity: sha512-ve2KP6f/JnbPBFyobGHuerC9g1FYGn/F8n1LWTwNxCEzd6IfqTwUQcNXgEtmmQ6DlRrC1hrSrBnCZPokRrDHjw==}

  xtend@4.0.2:
    resolution: {integrity: sha512-LKYU1iAXJXUgAXn9URjiu+MWhyUXHsvfp7mcuYm9dSUKK0/CjtrUwFAxD82/mCWbtLsGjFIad0wIsod4zrTAEQ==}
    engines: {node: '>=0.4'}

snapshots:

  '@fastify/ajv-compiler@3.6.0':
    dependencies:
      ajv: 8.17.1
      ajv-formats: 2.1.1(ajv@8.17.1)
      fast-uri: 2.4.0

  '@fastify/error@3.4.1': {}

  '@fastify/fast-json-stringify-compiler@4.3.0':
    dependencies:
      fast-json-stringify: 5.16.1

  '@fastify/merge-json-schemas@0.1.1':
    dependencies:
      fast-deep-equal: 3.1.3

  '@opentelemetry/api-logs@0.52.1':
    dependencies:
      '@opentelemetry/api': 1.9.0

  '@opentelemetry/api-logs@0.53.0':
    dependencies:
      '@opentelemetry/api': 1.9.0

  '@opentelemetry/api@1.9.0': {}

  '@opentelemetry/context-async-hooks@1.26.0(@opentelemetry/api@1.9.0)':
    dependencies:
      '@opentelemetry/api': 1.9.0

  '@opentelemetry/core@1.26.0(@opentelemetry/api@1.9.0)':
    dependencies:
      '@opentelemetry/api': 1.9.0
      '@opentelemetry/semantic-conventions': 1.27.0

  '@opentelemetry/instrumentation-connect@0.39.0(@opentelemetry/api@1.9.0)':
    dependencies:
      '@opentelemetry/api': 1.9.0
      '@opentelemetry/core': 1.26.0(@opentelemetry/api@1.9.0)
      '@opentelemetry/instrumentation': 0.53.0(@opentelemetry/api@1.9.0)
      '@opentelemetry/semantic-conventions': 1.27.0
      '@types/connect': 3.4.36
    transitivePeerDependencies:
      - supports-color

  '@opentelemetry/instrumentation-dataloader@0.12.0(@opentelemetry/api@1.9.0)':
    dependencies:
      '@opentelemetry/api': 1.9.0
      '@opentelemetry/instrumentation': 0.53.0(@opentelemetry/api@1.9.0)
    transitivePeerDependencies:
      - supports-color

  '@opentelemetry/instrumentation-express@0.42.0(@opentelemetry/api@1.9.0)':
    dependencies:
      '@opentelemetry/api': 1.9.0
      '@opentelemetry/core': 1.26.0(@opentelemetry/api@1.9.0)
      '@opentelemetry/instrumentation': 0.53.0(@opentelemetry/api@1.9.0)
      '@opentelemetry/semantic-conventions': 1.27.0
    transitivePeerDependencies:
      - supports-color

  '@opentelemetry/instrumentation-fastify@0.39.0(@opentelemetry/api@1.9.0)':
    dependencies:
      '@opentelemetry/api': 1.9.0
      '@opentelemetry/core': 1.26.0(@opentelemetry/api@1.9.0)
      '@opentelemetry/instrumentation': 0.53.0(@opentelemetry/api@1.9.0)
      '@opentelemetry/semantic-conventions': 1.27.0
    transitivePeerDependencies:
      - supports-color

  '@opentelemetry/instrumentation-fs@0.15.0(@opentelemetry/api@1.9.0)':
    dependencies:
      '@opentelemetry/api': 1.9.0
      '@opentelemetry/core': 1.26.0(@opentelemetry/api@1.9.0)
      '@opentelemetry/instrumentation': 0.53.0(@opentelemetry/api@1.9.0)
    transitivePeerDependencies:
      - supports-color

  '@opentelemetry/instrumentation-generic-pool@0.39.0(@opentelemetry/api@1.9.0)':
    dependencies:
      '@opentelemetry/api': 1.9.0
      '@opentelemetry/instrumentation': 0.53.0(@opentelemetry/api@1.9.0)
    transitivePeerDependencies:
      - supports-color

  '@opentelemetry/instrumentation-graphql@0.43.0(@opentelemetry/api@1.9.0)':
    dependencies:
      '@opentelemetry/api': 1.9.0
      '@opentelemetry/instrumentation': 0.53.0(@opentelemetry/api@1.9.0)
    transitivePeerDependencies:
      - supports-color

  '@opentelemetry/instrumentation-hapi@0.41.0(@opentelemetry/api@1.9.0)':
    dependencies:
      '@opentelemetry/api': 1.9.0
      '@opentelemetry/core': 1.26.0(@opentelemetry/api@1.9.0)
      '@opentelemetry/instrumentation': 0.53.0(@opentelemetry/api@1.9.0)
      '@opentelemetry/semantic-conventions': 1.27.0
    transitivePeerDependencies:
      - supports-color

  '@opentelemetry/instrumentation-http@0.53.0(@opentelemetry/api@1.9.0)':
    dependencies:
      '@opentelemetry/api': 1.9.0
      '@opentelemetry/core': 1.26.0(@opentelemetry/api@1.9.0)
      '@opentelemetry/instrumentation': 0.53.0(@opentelemetry/api@1.9.0)
      '@opentelemetry/semantic-conventions': 1.27.0
      semver: 7.6.3
    transitivePeerDependencies:
      - supports-color

  '@opentelemetry/instrumentation-ioredis@0.43.0(@opentelemetry/api@1.9.0)':
    dependencies:
      '@opentelemetry/api': 1.9.0
      '@opentelemetry/instrumentation': 0.53.0(@opentelemetry/api@1.9.0)
      '@opentelemetry/redis-common': 0.36.2
      '@opentelemetry/semantic-conventions': 1.27.0
    transitivePeerDependencies:
      - supports-color

  '@opentelemetry/instrumentation-kafkajs@0.3.0(@opentelemetry/api@1.9.0)':
    dependencies:
      '@opentelemetry/api': 1.9.0
      '@opentelemetry/instrumentation': 0.53.0(@opentelemetry/api@1.9.0)
      '@opentelemetry/semantic-conventions': 1.27.0
    transitivePeerDependencies:
      - supports-color

  '@opentelemetry/instrumentation-koa@0.43.0(@opentelemetry/api@1.9.0)':
    dependencies:
      '@opentelemetry/api': 1.9.0
      '@opentelemetry/core': 1.26.0(@opentelemetry/api@1.9.0)
      '@opentelemetry/instrumentation': 0.53.0(@opentelemetry/api@1.9.0)
      '@opentelemetry/semantic-conventions': 1.27.0
    transitivePeerDependencies:
      - supports-color

  '@opentelemetry/instrumentation-mongodb@0.47.0(@opentelemetry/api@1.9.0)':
    dependencies:
      '@opentelemetry/api': 1.9.0
      '@opentelemetry/instrumentation': 0.53.0(@opentelemetry/api@1.9.0)
      '@opentelemetry/sdk-metrics': 1.26.0(@opentelemetry/api@1.9.0)
      '@opentelemetry/semantic-conventions': 1.27.0
    transitivePeerDependencies:
      - supports-color

  '@opentelemetry/instrumentation-mongoose@0.42.0(@opentelemetry/api@1.9.0)':
    dependencies:
      '@opentelemetry/api': 1.9.0
      '@opentelemetry/core': 1.26.0(@opentelemetry/api@1.9.0)
      '@opentelemetry/instrumentation': 0.53.0(@opentelemetry/api@1.9.0)
      '@opentelemetry/semantic-conventions': 1.27.0
    transitivePeerDependencies:
      - supports-color

  '@opentelemetry/instrumentation-mysql2@0.41.0(@opentelemetry/api@1.9.0)':
    dependencies:
      '@opentelemetry/api': 1.9.0
      '@opentelemetry/instrumentation': 0.53.0(@opentelemetry/api@1.9.0)
      '@opentelemetry/semantic-conventions': 1.27.0
      '@opentelemetry/sql-common': 0.40.1(@opentelemetry/api@1.9.0)
    transitivePeerDependencies:
      - supports-color

  '@opentelemetry/instrumentation-mysql@0.41.0(@opentelemetry/api@1.9.0)':
    dependencies:
      '@opentelemetry/api': 1.9.0
      '@opentelemetry/instrumentation': 0.53.0(@opentelemetry/api@1.9.0)
      '@opentelemetry/semantic-conventions': 1.27.0
      '@types/mysql': 2.15.26
    transitivePeerDependencies:
      - supports-color

  '@opentelemetry/instrumentation-nestjs-core@0.40.0(@opentelemetry/api@1.9.0)':
    dependencies:
      '@opentelemetry/api': 1.9.0
      '@opentelemetry/instrumentation': 0.53.0(@opentelemetry/api@1.9.0)
      '@opentelemetry/semantic-conventions': 1.27.0
    transitivePeerDependencies:
      - supports-color

  '@opentelemetry/instrumentation-pg@0.44.0(@opentelemetry/api@1.9.0)':
    dependencies:
      '@opentelemetry/api': 1.9.0
      '@opentelemetry/instrumentation': 0.53.0(@opentelemetry/api@1.9.0)
      '@opentelemetry/semantic-conventions': 1.27.0
      '@opentelemetry/sql-common': 0.40.1(@opentelemetry/api@1.9.0)
      '@types/pg': 8.6.1
      '@types/pg-pool': 2.0.6
    transitivePeerDependencies:
      - supports-color

  '@opentelemetry/instrumentation-redis-4@0.42.0(@opentelemetry/api@1.9.0)':
    dependencies:
      '@opentelemetry/api': 1.9.0
      '@opentelemetry/instrumentation': 0.53.0(@opentelemetry/api@1.9.0)
      '@opentelemetry/redis-common': 0.36.2
      '@opentelemetry/semantic-conventions': 1.27.0
    transitivePeerDependencies:
      - supports-color

  '@opentelemetry/instrumentation-undici@0.6.0(@opentelemetry/api@1.9.0)':
    dependencies:
      '@opentelemetry/api': 1.9.0
      '@opentelemetry/core': 1.26.0(@opentelemetry/api@1.9.0)
      '@opentelemetry/instrumentation': 0.53.0(@opentelemetry/api@1.9.0)
    transitivePeerDependencies:
      - supports-color

  '@opentelemetry/instrumentation@0.52.1(@opentelemetry/api@1.9.0)':
    dependencies:
      '@opentelemetry/api': 1.9.0
      '@opentelemetry/api-logs': 0.52.1
      '@types/shimmer': 1.2.0
      import-in-the-middle: 1.11.0
      require-in-the-middle: 7.4.0
      semver: 7.6.3
      shimmer: 1.2.1
    transitivePeerDependencies:
      - supports-color

  '@opentelemetry/instrumentation@0.53.0(@opentelemetry/api@1.9.0)':
    dependencies:
      '@opentelemetry/api': 1.9.0
      '@opentelemetry/api-logs': 0.53.0
      '@types/shimmer': 1.2.0
      import-in-the-middle: 1.11.0
      require-in-the-middle: 7.4.0
      semver: 7.6.3
      shimmer: 1.2.1
    transitivePeerDependencies:
      - supports-color

  '@opentelemetry/redis-common@0.36.2': {}

  '@opentelemetry/resources@1.26.0(@opentelemetry/api@1.9.0)':
    dependencies:
      '@opentelemetry/api': 1.9.0
      '@opentelemetry/core': 1.26.0(@opentelemetry/api@1.9.0)
      '@opentelemetry/semantic-conventions': 1.27.0

  '@opentelemetry/sdk-metrics@1.26.0(@opentelemetry/api@1.9.0)':
    dependencies:
      '@opentelemetry/api': 1.9.0
      '@opentelemetry/core': 1.26.0(@opentelemetry/api@1.9.0)
      '@opentelemetry/resources': 1.26.0(@opentelemetry/api@1.9.0)

  '@opentelemetry/sdk-trace-base@1.26.0(@opentelemetry/api@1.9.0)':
    dependencies:
      '@opentelemetry/api': 1.9.0
      '@opentelemetry/core': 1.26.0(@opentelemetry/api@1.9.0)
      '@opentelemetry/resources': 1.26.0(@opentelemetry/api@1.9.0)
      '@opentelemetry/semantic-conventions': 1.27.0

  '@opentelemetry/semantic-conventions@1.27.0': {}

  '@opentelemetry/sql-common@0.40.1(@opentelemetry/api@1.9.0)':
    dependencies:
      '@opentelemetry/api': 1.9.0
      '@opentelemetry/core': 1.26.0(@opentelemetry/api@1.9.0)

  '@prisma/instrumentation@5.19.1':
    dependencies:
      '@opentelemetry/api': 1.9.0
      '@opentelemetry/instrumentation': 0.52.1(@opentelemetry/api@1.9.0)
      '@opentelemetry/sdk-trace-base': 1.26.0(@opentelemetry/api@1.9.0)
    transitivePeerDependencies:
      - supports-color

  '@sentry/core@8.31.0':
    dependencies:
      '@sentry/types': 8.31.0
      '@sentry/utils': 8.31.0

  '@sentry/node@8.31.0':
    dependencies:
      '@opentelemetry/api': 1.9.0
      '@opentelemetry/context-async-hooks': 1.26.0(@opentelemetry/api@1.9.0)
      '@opentelemetry/core': 1.26.0(@opentelemetry/api@1.9.0)
      '@opentelemetry/instrumentation': 0.53.0(@opentelemetry/api@1.9.0)
      '@opentelemetry/instrumentation-connect': 0.39.0(@opentelemetry/api@1.9.0)
      '@opentelemetry/instrumentation-dataloader': 0.12.0(@opentelemetry/api@1.9.0)
      '@opentelemetry/instrumentation-express': 0.42.0(@opentelemetry/api@1.9.0)
      '@opentelemetry/instrumentation-fastify': 0.39.0(@opentelemetry/api@1.9.0)
      '@opentelemetry/instrumentation-fs': 0.15.0(@opentelemetry/api@1.9.0)
      '@opentelemetry/instrumentation-generic-pool': 0.39.0(@opentelemetry/api@1.9.0)
      '@opentelemetry/instrumentation-graphql': 0.43.0(@opentelemetry/api@1.9.0)
      '@opentelemetry/instrumentation-hapi': 0.41.0(@opentelemetry/api@1.9.0)
      '@opentelemetry/instrumentation-http': 0.53.0(@opentelemetry/api@1.9.0)
      '@opentelemetry/instrumentation-ioredis': 0.43.0(@opentelemetry/api@1.9.0)
      '@opentelemetry/instrumentation-kafkajs': 0.3.0(@opentelemetry/api@1.9.0)
      '@opentelemetry/instrumentation-koa': 0.43.0(@opentelemetry/api@1.9.0)
      '@opentelemetry/instrumentation-mongodb': 0.47.0(@opentelemetry/api@1.9.0)
      '@opentelemetry/instrumentation-mongoose': 0.42.0(@opentelemetry/api@1.9.0)
      '@opentelemetry/instrumentation-mysql': 0.41.0(@opentelemetry/api@1.9.0)
      '@opentelemetry/instrumentation-mysql2': 0.41.0(@opentelemetry/api@1.9.0)
      '@opentelemetry/instrumentation-nestjs-core': 0.40.0(@opentelemetry/api@1.9.0)
      '@opentelemetry/instrumentation-pg': 0.44.0(@opentelemetry/api@1.9.0)
      '@opentelemetry/instrumentation-redis-4': 0.42.0(@opentelemetry/api@1.9.0)
      '@opentelemetry/instrumentation-undici': 0.6.0(@opentelemetry/api@1.9.0)
      '@opentelemetry/resources': 1.26.0(@opentelemetry/api@1.9.0)
      '@opentelemetry/sdk-trace-base': 1.26.0(@opentelemetry/api@1.9.0)
      '@opentelemetry/semantic-conventions': 1.27.0
      '@prisma/instrumentation': 5.19.1
      '@sentry/core': 8.31.0
      '@sentry/opentelemetry': 8.31.0(@opentelemetry/api@1.9.0)(@opentelemetry/core@1.26.0(@opentelemetry/api@1.9.0))(@opentelemetry/instrumentation@0.53.0(@opentelemetry/api@1.9.0))(@opentelemetry/sdk-trace-base@1.26.0(@opentelemetry/api@1.9.0))(@opentelemetry/semantic-conventions@1.27.0)
      '@sentry/types': 8.31.0
      '@sentry/utils': 8.31.0
      import-in-the-middle: 1.11.0
    transitivePeerDependencies:
      - supports-color

  '@sentry/opentelemetry@8.31.0(@opentelemetry/api@1.9.0)(@opentelemetry/core@1.26.0(@opentelemetry/api@1.9.0))(@opentelemetry/instrumentation@0.53.0(@opentelemetry/api@1.9.0))(@opentelemetry/sdk-trace-base@1.26.0(@opentelemetry/api@1.9.0))(@opentelemetry/semantic-conventions@1.27.0)':
    dependencies:
      '@opentelemetry/api': 1.9.0
      '@opentelemetry/core': 1.26.0(@opentelemetry/api@1.9.0)
      '@opentelemetry/instrumentation': 0.53.0(@opentelemetry/api@1.9.0)
      '@opentelemetry/sdk-trace-base': 1.26.0(@opentelemetry/api@1.9.0)
      '@opentelemetry/semantic-conventions': 1.27.0
      '@sentry/core': 8.31.0
      '@sentry/types': 8.31.0
      '@sentry/utils': 8.31.0

  '@sentry/profiling-node@8.31.0':
    dependencies:
      '@sentry/core': 8.31.0
      '@sentry/node': 8.31.0
      '@sentry/types': 8.31.0
      '@sentry/utils': 8.31.0
      detect-libc: 2.0.3
      node-abi: 3.67.0
    transitivePeerDependencies:
      - supports-color

  '@sentry/types@8.31.0': {}

  '@sentry/utils@8.31.0':
    dependencies:
      '@sentry/types': 8.31.0

  '@types/connect@3.4.36':
    dependencies:
      '@types/node': 20.16.5

  '@types/mysql@2.15.26':
    dependencies:
      '@types/node': 20.16.5

  '@types/node@20.16.5':
    dependencies:
      undici-types: 6.19.8

  '@types/pg-pool@2.0.6':
    dependencies:
      '@types/pg': 8.6.1

  '@types/pg@8.6.1':
    dependencies:
      '@types/node': 20.16.5
      pg-protocol: 1.6.1
      pg-types: 2.2.0

  '@types/shimmer@1.2.0': {}

  abort-controller@3.0.0:
    dependencies:
      event-target-shim: 5.0.1

  abstract-logging@2.0.1: {}

  acorn-import-attributes@1.9.5(acorn@8.12.1):
    dependencies:
      acorn: 8.12.1

  acorn@8.12.1: {}

  ajv-formats@2.1.1(ajv@8.17.1):
    optionalDependencies:
      ajv: 8.17.1

  ajv-formats@3.0.1(ajv@8.17.1):
    optionalDependencies:
      ajv: 8.17.1

  ajv@8.17.1:
    dependencies:
      fast-deep-equal: 3.1.3
      fast-uri: 3.0.1
      json-schema-traverse: 1.0.0
      require-from-string: 2.0.2

  atomic-sleep@1.0.0: {}

  avvio@8.4.0:
    dependencies:
      '@fastify/error': 3.4.1
      fastq: 1.17.1

  base64-js@1.5.1: {}

  buffer@6.0.3:
    dependencies:
      base64-js: 1.5.1
      ieee754: 1.2.1

  cjs-module-lexer@1.4.1: {}

  cookie@0.6.0: {}

  debug@4.3.7:
    dependencies:
      ms: 2.1.3

  detect-libc@2.0.3: {}

  event-target-shim@5.0.1: {}

  events@3.3.0: {}

  fast-content-type-parse@1.1.0: {}

  fast-decode-uri-component@1.0.1: {}

  fast-deep-equal@3.1.3: {}

  fast-json-stringify@5.16.1:
    dependencies:
      '@fastify/merge-json-schemas': 0.1.1
      ajv: 8.17.1
      ajv-formats: 3.0.1(ajv@8.17.1)
      fast-deep-equal: 3.1.3
      fast-uri: 2.4.0
      json-schema-ref-resolver: 1.0.1
      rfdc: 1.4.1

  fast-querystring@1.1.2:
    dependencies:
      fast-decode-uri-component: 1.0.1

  fast-redact@3.5.0: {}

  fast-uri@2.4.0: {}

  fast-uri@3.0.1: {}

  fastify@4.28.1:
    dependencies:
      '@fastify/ajv-compiler': 3.6.0
      '@fastify/error': 3.4.1
      '@fastify/fast-json-stringify-compiler': 4.3.0
      abstract-logging: 2.0.1
      avvio: 8.4.0
      fast-content-type-parse: 1.1.0
      fast-json-stringify: 5.16.1
      find-my-way: 8.2.0
      light-my-request: 5.13.0
      pino: 9.4.0
      process-warning: 3.0.0
      proxy-addr: 2.0.7
      rfdc: 1.4.1
      secure-json-parse: 2.7.0
      semver: 7.6.3
      toad-cache: 3.7.0

  fastq@1.17.1:
    dependencies:
      reusify: 1.0.4

  find-my-way@8.2.0:
    dependencies:
      fast-deep-equal: 3.1.3
      fast-querystring: 1.1.2
      safe-regex2: 3.1.0

  forwarded@0.2.0: {}

  function-bind@1.1.2: {}

  hasown@2.0.2:
    dependencies:
      function-bind: 1.1.2

  ieee754@1.2.1: {}

  import-in-the-middle@1.11.0:
    dependencies:
      acorn: 8.12.1
      acorn-import-attributes: 1.9.5(acorn@8.12.1)
      cjs-module-lexer: 1.4.1
      module-details-from-path: 1.0.3

  ipaddr.js@1.9.1: {}

  is-core-module@2.15.1:
    dependencies:
      hasown: 2.0.2

  json-schema-ref-resolver@1.0.1:
    dependencies:
      fast-deep-equal: 3.1.3

  json-schema-traverse@1.0.0: {}

  light-my-request@5.13.0:
    dependencies:
      cookie: 0.6.0
      process-warning: 3.0.0
      set-cookie-parser: 2.7.0

  module-details-from-path@1.0.3: {}

  ms@2.1.3: {}

  node-abi@3.67.0:
    dependencies:
      semver: 7.6.3

  on-exit-leak-free@2.1.2: {}

  path-parse@1.0.7: {}

  pg-int8@1.0.1: {}

  pg-protocol@1.6.1: {}

  pg-types@2.2.0:
    dependencies:
      pg-int8: 1.0.1
      postgres-array: 2.0.0
      postgres-bytea: 1.0.0
      postgres-date: 1.0.7
      postgres-interval: 1.2.0

  pino-abstract-transport@1.2.0:
    dependencies:
      readable-stream: 4.5.2
      split2: 4.2.0

  pino-std-serializers@7.0.0: {}

  pino@9.4.0:
    dependencies:
      atomic-sleep: 1.0.0
      fast-redact: 3.5.0
      on-exit-leak-free: 2.1.2
      pino-abstract-transport: 1.2.0
      pino-std-serializers: 7.0.0
      process-warning: 4.0.0
      quick-format-unescaped: 4.0.4
      real-require: 0.2.0
      safe-stable-stringify: 2.5.0
      sonic-boom: 4.1.0
      thread-stream: 3.1.0

  postgres-array@2.0.0: {}

  postgres-bytea@1.0.0: {}

  postgres-date@1.0.7: {}

  postgres-interval@1.2.0:
    dependencies:
      xtend: 4.0.2

  process-warning@3.0.0: {}

  process-warning@4.0.0: {}

  process@0.11.10: {}

  proxy-addr@2.0.7:
    dependencies:
      forwarded: 0.2.0
      ipaddr.js: 1.9.1

  quick-format-unescaped@4.0.4: {}

  readable-stream@4.5.2:
    dependencies:
      abort-controller: 3.0.0
      buffer: 6.0.3
      events: 3.3.0
      process: 0.11.10
      string_decoder: 1.3.0

  real-require@0.2.0: {}

  require-from-string@2.0.2: {}

  require-in-the-middle@7.4.0:
    dependencies:
      debug: 4.3.7
      module-details-from-path: 1.0.3
      resolve: 1.22.8
    transitivePeerDependencies:
      - supports-color

  resolve@1.22.8:
    dependencies:
      is-core-module: 2.15.1
      path-parse: 1.0.7
      supports-preserve-symlinks-flag: 1.0.0

  ret@0.4.3: {}

  reusify@1.0.4: {}

  rfdc@1.4.1: {}

  safe-buffer@5.2.1: {}

  safe-regex2@3.1.0:
    dependencies:
      ret: 0.4.3

  safe-stable-stringify@2.5.0: {}

  secure-json-parse@2.7.0: {}

  semver@7.6.3: {}

  set-cookie-parser@2.7.0: {}

  shimmer@1.2.1: {}

  sonic-boom@4.1.0:
    dependencies:
      atomic-sleep: 1.0.0

  split2@4.2.0: {}

  string_decoder@1.3.0:
    dependencies:
      safe-buffer: 5.2.1

  supports-preserve-symlinks-flag@1.0.0: {}

  thread-stream@3.1.0:
    dependencies:
      real-require: 0.2.0

  toad-cache@3.7.0: {}

  typescript@5.6.2: {}

  undici-types@6.19.8: {}

  xtend@4.0.2: {}
